// !$*UTF8*$!
{
	archiveVersion = 1;
	classes = {
	};
	objectVersion = 56;
	objects = {

/* Begin PBXBuildFile section */
		4A4743F22BF796DF00264855 /* Color+.swift in Sources */ = {isa = PBXBuildFile; fileRef = 4A4743F12BF796DF00264855 /* Color+.swift */; };
		4AE620222C09C6CF00722512 /* FormattedText+.swift in Sources */ = {isa = PBXBuildFile; fileRef = 4AE620212C09C6CF00722512 /* FormattedText+.swift */; };
		4AF90D692BEE65BA00435355 /* Date+.swift in Sources */ = {isa = PBXBuildFile; fileRef = 4AF90D682BEE65BA00435355 /* Date+.swift */; };
		9B0418F02CE10DF700DFFA3F /* ChatDetailViewModel+MessageContents.swift in Sources */ = {isa = PBXBuildFile; fileRef = 9B0418EF2CE10DF700DFFA3F /* ChatDetailViewModel+MessageContents.swift */; };
		9B0B6CB52CD64DB800BB6A94 /* Mockable.swift in Sources */ = {isa = PBXBuildFile; fileRef = 9B0B6CB42CD64DB800BB6A94 /* Mockable.swift */; };
		9B0B6CB72CD64F6100BB6A94 /* AppState.swift in Sources */ = {isa = PBXBuildFile; fileRef = 9B0B6CB62CD64F6100BB6A94 /* AppState.swift */; };
		9B0B6CBC2CD679A600BB6A94 /* StepView.swift in Sources */ = {isa = PBXBuildFile; fileRef = 9B0B6CBB2CD679A600BB6A94 /* StepView.swift */; };
		9B0BD4A52CD688F000ADE7C9 /* PasswordView.swift in Sources */ = {isa = PBXBuildFile; fileRef = 9B0BD4A42CD688F000ADE7C9 /* PasswordView.swift */; };
		9B0BD4A72CD6951200ADE7C9 /* QRCodeView.swift in Sources */ = {isa = PBXBuildFile; fileRef = 9B0BD4A62CD6951200ADE7C9 /* QRCodeView.swift */; };
		9B0E23522CD69FC800ED69D6 /* PreviewTrait+Mock.swift in Sources */ = {isa = PBXBuildFile; fileRef = 9B0E23512CD69FC800ED69D6 /* PreviewTrait+Mock.swift */; };
		9B190E622D56B19E0045D311 /* InputCtaView.swift in Sources */ = {isa = PBXBuildFile; fileRef = 9B190E612D56B19E0045D311 /* InputCtaView.swift */; };
		9B2805CC2C4671C500F7DF72 /* TDImage+.swift in Sources */ = {isa = PBXBuildFile; fileRef = 9B2805CB2C4671C500F7DF72 /* TDImage+.swift */; };
		9B2E1BE02C08739800B9B63D /* MessageBubbleShape.swift in Sources */ = {isa = PBXBuildFile; fileRef = 9B2E1BDD2C08739800B9B63D /* MessageBubbleShape.swift */; };
		9B4451FA2C45C63D00A6EBC2 /* User+.swift in Sources */ = {isa = PBXBuildFile; fileRef = 9B4451F92C45C63D00A6EBC2 /* User+.swift */; };
		9B470C392D81BD8D008A03D3 /* InputMessageContent+.swift in Sources */ = {isa = PBXBuildFile; fileRef = 9B470C382D81BD8D008A03D3 /* InputMessageContent+.swift */; };
		9B53DD7C2C5F933A00CAA125 /* MessageBubbleView.swift in Sources */ = {isa = PBXBuildFile; fileRef = 9B53DD7B2C5F933A00CAA125 /* MessageBubbleView.swift */; };
		9B5600FF2D59D78D005E28F1 /* ScalingButtonStyle.swift in Sources */ = {isa = PBXBuildFile; fileRef = 9B5600FE2D59D78D005E28F1 /* ScalingButtonStyle.swift */; };
		9B5E558B2D8165590058964B /* StickersPickerSubpage.swift in Sources */ = {isa = PBXBuildFile; fileRef = 9B5E558A2D8165590058964B /* StickersPickerSubpage.swift */; };
		9B5E558E2D81657C0058964B /* StickersPickerViewModel.swift in Sources */ = {isa = PBXBuildFile; fileRef = 9B5E558D2D81657C0058964B /* StickersPickerViewModel.swift */; };
		9B5EBE622CE5F16F00EDCCE3 /* FitStack.swift in Sources */ = {isa = PBXBuildFile; fileRef = 9B5EBE612CE5F16E00EDCCE3 /* FitStack.swift */; };
		9B6D223F2C39BC2B008A1054 /* ChatFolder.swift in Sources */ = {isa = PBXBuildFile; fileRef = 9B6D223E2C39BC2B008A1054 /* ChatFolder.swift */; };
		9B8493E82C7623B700AC90E9 /* View+.swift in Sources */ = {isa = PBXBuildFile; fileRef = 9B8493E72C7623B700AC90E9 /* View+.swift */; };
		9BA9A4F22CE798C5005C717C /* FlowLayout.swift in Sources */ = {isa = PBXBuildFile; fileRef = 9BA9A4F12CE798C5005C717C /* FlowLayout.swift */; };
		9BA9A4F42CE79DB0005C717C /* Stack.swift in Sources */ = {isa = PBXBuildFile; fileRef = 9BA9A4F32CE79DB0005C717C /* Stack.swift */; };
		9BAA75DD2CD4EE370007B4E2 /* SDWebImageLottieCoder in Frameworks */ = {isa = PBXBuildFile; productRef = 9BAA75DC2CD4EE370007B4E2 /* SDWebImageLottieCoder */; };
		9BAA75E12CD4F08A0007B4E2 /* sticker.tgs in Resources */ = {isa = PBXBuildFile; fileRef = 9BAA75E02CD4F08A0007B4E2 /* sticker.tgs */; };
		9BAA75E42CD4F1620007B4E2 /* Gzip in Frameworks */ = {isa = PBXBuildFile; productRef = 9BAA75E32CD4F1620007B4E2 /* Gzip */; };
		9BB3BCB42D14376700CAFB31 /* CodeKeypadView.swift in Sources */ = {isa = PBXBuildFile; fileRef = 9BB3BCB32D14376700CAFB31 /* CodeKeypadView.swift */; };
		9BB3BCB62D14379400CAFB31 /* KeypadView.swift in Sources */ = {isa = PBXBuildFile; fileRef = 9BB3BCB52D14379400CAFB31 /* KeypadView.swift */; };
		9BB3BCB82D14379F00CAFB31 /* PhoneKeypadView.swift in Sources */ = {isa = PBXBuildFile; fileRef = 9BB3BCB72D14379F00CAFB31 /* PhoneKeypadView.swift */; };
		9BD9F9E42CDD044900833C48 /* AsyncView.swift in Sources */ = {isa = PBXBuildFile; fileRef = 9BD9F9E32CDD044900833C48 /* AsyncView.swift */; };
		9BF303562D3A70EB00309992 /* TextDivider.swift in Sources */ = {isa = PBXBuildFile; fileRef = 9BF303552D3A70EB00309992 /* TextDivider.swift */; };
		A0054EA62BF3E12F009F2CEB /* TDLibKit in Frameworks */ = {isa = PBXBuildFile; productRef = A0054EA52BF3E12F009F2CEB /* TDLibKit */; };
		A04ABE532CE00F1600641BC1 /* MessageOptionsSubpage.swift in Sources */ = {isa = PBXBuildFile; fileRef = A04ABE502CE00F1600641BC1 /* MessageOptionsSubpage.swift */; };
		A04ABE542CE00F1600641BC1 /* MessageOptionsViewModel.swift in Sources */ = {isa = PBXBuildFile; fileRef = A04ABE512CE00F1600641BC1 /* MessageOptionsViewModel.swift */; };
		A04ABE5A2CE015F800641BC1 /* VoiceNoteRecordSubpage.swift in Sources */ = {isa = PBXBuildFile; fileRef = A04ABE572CE015F800641BC1 /* VoiceNoteRecordSubpage.swift */; };
		A04ABE5B2CE015F800641BC1 /* VoiceNoteRecordViewModel.swift in Sources */ = {isa = PBXBuildFile; fileRef = A04ABE582CE015F800641BC1 /* VoiceNoteRecordViewModel.swift */; };
		A04ABE5E2CE01F7300641BC1 /* PlayerService.swift in Sources */ = {isa = PBXBuildFile; fileRef = A04ABE5C2CE01F7300641BC1 /* PlayerService.swift */; };
		A04ABE5F2CE01F7300641BC1 /* RecorderService.swift in Sources */ = {isa = PBXBuildFile; fileRef = A04ABE5D2CE01F7300641BC1 /* RecorderService.swift */; };
		A04ABE8A2CE0B99900641BC1 /* ChatListViewModel+Updates.swift in Sources */ = {isa = PBXBuildFile; fileRef = A04ABE892CE0B99900641BC1 /* ChatListViewModel+Updates.swift */; };
		A04ABE8C2CE0BA1D00641BC1 /* ChatListViewModel+Chats.swift in Sources */ = {isa = PBXBuildFile; fileRef = A04ABE8B2CE0BA1D00641BC1 /* ChatListViewModel+Chats.swift */; };
		A0524FAE2CC8EC4E0021D3FA /* DSWaveformImage in Frameworks */ = {isa = PBXBuildFile; productRef = A0524FAD2CC8EC4E0021D3FA /* DSWaveformImage */; };
		A0524FB02CC8EC4E0021D3FA /* DSWaveformImageViews in Frameworks */ = {isa = PBXBuildFile; productRef = A0524FAF2CC8EC4E0021D3FA /* DSWaveformImageViews */; };
		A05C1AC52BECCF4B00724B6E /* Message+.swift in Sources */ = {isa = PBXBuildFile; fileRef = A05C1AC42BECCF4B00724B6E /* Message+.swift */; };
		A06AE85A2CCAB6EE003282B2 /* DSWaveformImage in Frameworks */ = {isa = PBXBuildFile; productRef = A06AE8592CCAB6EE003282B2 /* DSWaveformImage */; };
		A06AE85C2CCAB6EE003282B2 /* DSWaveformImageViews in Frameworks */ = {isa = PBXBuildFile; productRef = A06AE85B2CCAB6EE003282B2 /* DSWaveformImageViews */; };
		A06AE85F2CCAB812003282B2 /* SDWebImageWebPCoder in Frameworks */ = {isa = PBXBuildFile; productRef = A06AE85E2CCAB812003282B2 /* SDWebImageWebPCoder */; };
		A06AEA132D6B854E00EF8377 /* LoadableModifier.swift in Sources */ = {isa = PBXBuildFile; fileRef = A06AEA122D6B854E00EF8377 /* LoadableModifier.swift */; };
		A07438ED2BD10D2D00945CB5 /* Mercury Watch App.app in Embed Watch Content */ = {isa = PBXBuildFile; fileRef = A07438EC2BD10D2D00945CB5 /* Mercury Watch App.app */; settings = {ATTRIBUTES = (RemoveHeadersOnCopy, ); }; };
		A07438F22BD10D2D00945CB5 /* MercuryApp.swift in Sources */ = {isa = PBXBuildFile; fileRef = A07438F12BD10D2D00945CB5 /* MercuryApp.swift */; };
		A07438F62BD10D2F00945CB5 /* Assets.xcassets in Resources */ = {isa = PBXBuildFile; fileRef = A07438F52BD10D2F00945CB5 /* Assets.xcassets */; };
		A07438F92BD10D2F00945CB5 /* Preview Assets.xcassets in Resources */ = {isa = PBXBuildFile; fileRef = A07438F82BD10D2F00945CB5 /* Preview Assets.xcassets */; };
		A07D48DF2CC93D9900DC34EF /* DSWaveformImage in Frameworks */ = {isa = PBXBuildFile; productRef = A07D48DE2CC93D9900DC34EF /* DSWaveformImage */; };
		A07D48E12CC93D9900DC34EF /* DSWaveformImageViews in Frameworks */ = {isa = PBXBuildFile; productRef = A07D48E02CC93D9900DC34EF /* DSWaveformImageViews */; };
		A080D88F2CD64A7C00920564 /* SecretService-sample.swift in Sources */ = {isa = PBXBuildFile; fileRef = A080D88C2CD64A7C00920564 /* SecretService-sample.swift */; };
		A080D8902CD64A7C00920564 /* SecretService.swift in Sources */ = {isa = PBXBuildFile; fileRef = A080D88B2CD64A7C00920564 /* SecretService.swift */; };
		A080D8A22CD64B1700920564 /* ChatDetailPage.swift in Sources */ = {isa = PBXBuildFile; fileRef = A080D8922CD64B1700920564 /* ChatDetailPage.swift */; };
		A080D8A32CD64B1700920564 /* LoginViewModel.swift in Sources */ = {isa = PBXBuildFile; fileRef = A080D89C2CD64B1700920564 /* LoginViewModel.swift */; };
		A080D8A42CD64B1700920564 /* ChatDetailViewModel.swift in Sources */ = {isa = PBXBuildFile; fileRef = A080D8932CD64B1700920564 /* ChatDetailViewModel.swift */; };
		A080D8A52CD64B1700920564 /* ChatListPage.swift in Sources */ = {isa = PBXBuildFile; fileRef = A080D8952CD64B1700920564 /* ChatListPage.swift */; };
		A080D8A62CD64B1700920564 /* HomePage.swift in Sources */ = {isa = PBXBuildFile; fileRef = A080D8982CD64B1700920564 /* HomePage.swift */; };
		A080D8A72CD64B1700920564 /* SettingsViewModel.swift in Sources */ = {isa = PBXBuildFile; fileRef = A080D89F2CD64B1700920564 /* SettingsViewModel.swift */; };
		A080D8A82CD64B1700920564 /* SettingsPage.swift in Sources */ = {isa = PBXBuildFile; fileRef = A080D89E2CD64B1700920564 /* SettingsPage.swift */; };
		A080D8A92CD64B1700920564 /* LoginPage.swift in Sources */ = {isa = PBXBuildFile; fileRef = A080D89B2CD64B1700920564 /* LoginPage.swift */; };
		A080D8AA2CD64B1700920564 /* ChatListViewModel.swift in Sources */ = {isa = PBXBuildFile; fileRef = A080D8962CD64B1700920564 /* ChatListViewModel.swift */; };
		A080D8AB2CD64B1700920564 /* HomeViewModel.swift in Sources */ = {isa = PBXBuildFile; fileRef = A080D8992CD64B1700920564 /* HomeViewModel.swift */; };
		A080D8B82CD7843000920564 /* ChatCellView.swift in Sources */ = {isa = PBXBuildFile; fileRef = A080D8B72CD7842A00920564 /* ChatCellView.swift */; };
		A080D8BF2CD78CED00920564 /* AvatarView.swift in Sources */ = {isa = PBXBuildFile; fileRef = A080D8BE2CD78CED00920564 /* AvatarView.swift */; };
		A080D8C42CD9666C00920564 /* ChatNotificationSettings+.swift in Sources */ = {isa = PBXBuildFile; fileRef = A080D8C32CD9666C00920564 /* ChatNotificationSettings+.swift */; };
		A080D8C82CDA239B00920564 /* MessageView.swift in Sources */ = {isa = PBXBuildFile; fileRef = A080D8C72CDA239B00920564 /* MessageView.swift */; };
		A080D8D62CDA963500920564 /* StateIconView.swift in Sources */ = {isa = PBXBuildFile; fileRef = A080D8D52CDA963500920564 /* StateIconView.swift */; };
		A080D8D82CDA996F00920564 /* ReactionView.swift in Sources */ = {isa = PBXBuildFile; fileRef = A080D8D72CDA996F00920564 /* ReactionView.swift */; };
		A080D8DA2CDAADEC00920564 /* ReplyView.swift in Sources */ = {isa = PBXBuildFile; fileRef = A080D8D92CDAADEC00920564 /* ReplyView.swift */; };
		A080D8DE2CDC051300920564 /* LocationView.swift in Sources */ = {isa = PBXBuildFile; fileRef = A080D8DD2CDC051300920564 /* LocationView.swift */; };
		A080D8E02CDC08FF00920564 /* PillView.swift in Sources */ = {isa = PBXBuildFile; fileRef = A080D8DF2CDC08FF00920564 /* PillView.swift */; };
		A080D8E22CDC0B1800920564 /* VoiceNoteView.swift in Sources */ = {isa = PBXBuildFile; fileRef = A080D8E12CDC0B1800920564 /* VoiceNoteView.swift */; };
		A080D8EC2CDC17BD00920564 /* audio_sample.m4a in Resources */ = {isa = PBXBuildFile; fileRef = A080D8EB2CDC17BC00920564 /* audio_sample.m4a */; };
		A080D8EE2CDE273A00920564 /* ChatDetailViewModel+Updates.swift in Sources */ = {isa = PBXBuildFile; fileRef = A080D8ED2CDE272E00920564 /* ChatDetailViewModel+Updates.swift */; };
		A080D8F02CDE27AE00920564 /* ChatDetailViewModel+Interactions.swift in Sources */ = {isa = PBXBuildFile; fileRef = A080D8EF2CDE27AE00920564 /* ChatDetailViewModel+Interactions.swift */; };
		A080D8F22CDE2AFB00920564 /* ChatDetailViewModel+Messages.swift in Sources */ = {isa = PBXBuildFile; fileRef = A080D8F12CDE2AFB00920564 /* ChatDetailViewModel+Messages.swift */; };
		A081AAD32C071C82002A265C /* ChatAction+.swift in Sources */ = {isa = PBXBuildFile; fileRef = A081AAD22C071C82002A265C /* ChatAction+.swift */; };
		A081AAD52C0721C2002A265C /* Chat+.swift in Sources */ = {isa = PBXBuildFile; fileRef = A081AAD42C0721C2002A265C /* Chat+.swift */; };
		A081AAD72C072536002A265C /* MessageSender+.swift in Sources */ = {isa = PBXBuildFile; fileRef = A081AAD62C072536002A265C /* MessageSender+.swift */; };
		A0951E982C95CDFE00CF638C /* QRCode in Frameworks */ = {isa = PBXBuildFile; productRef = A0951E972C95CDFE00CF638C /* QRCode */; };
		A09F310F2CC0487700F6ACC8 /* SwiftOGG in Frameworks */ = {isa = PBXBuildFile; productRef = A09F310E2CC0487700F6ACC8 /* SwiftOGG */; };
		A0CA7BA62BF90FC200E66219 /* AppDelegate.swift in Sources */ = {isa = PBXBuildFile; fileRef = A0CA7BA52BF90FC200E66219 /* AppDelegate.swift */; };
		A0CDF8BE2CE78FC70015E20E /* UserCellView.swift in Sources */ = {isa = PBXBuildFile; fileRef = A0CDF8BD2CE78FC70015E20E /* UserCellView.swift */; };
		A0CDF8C02CE7D4AB0015E20E /* LoggerService.swift in Sources */ = {isa = PBXBuildFile; fileRef = A0CDF8BF2CE7D4AB0015E20E /* LoggerService.swift */; };
		A0CDF8C22CE7D4B10015E20E /* FileService.swift in Sources */ = {isa = PBXBuildFile; fileRef = A0CDF8C12CE7D4B10015E20E /* FileService.swift */; };
		A0CDF8C62CE7D4D70015E20E /* SendMessageService.swift in Sources */ = {isa = PBXBuildFile; fileRef = A0CDF8C52CE7D4D70015E20E /* SendMessageService.swift */; };
		A0CDF94D2CE7D6060015E20E /* AlertView.swift in Sources */ = {isa = PBXBuildFile; fileRef = A0CDF94C2CE7D6060015E20E /* AlertView.swift */; };
		A0CF53272BDFD78900BA394B /* TDLibManager.swift in Sources */ = {isa = PBXBuildFile; fileRef = A0CF53262BDFD78900BA394B /* TDLibManager.swift */; };
		A0CF53292BDFD79400BA394B /* TDLibManagerProtocols.swift in Sources */ = {isa = PBXBuildFile; fileRef = A0CF53282BDFD79400BA394B /* TDLibManagerProtocols.swift */; };
		A0CF532B2BDFD79D00BA394B /* TDLibViewModel.swift in Sources */ = {isa = PBXBuildFile; fileRef = A0CF532A2BDFD79D00BA394B /* TDLibViewModel.swift */; };
		A0DF848A2CCB9A7500CC101E /* FileManager+.swift in Sources */ = {isa = PBXBuildFile; fileRef = A0DF84892CCB9A6F00CC101E /* FileManager+.swift */; };
/* End PBXBuildFile section */

/* Begin PBXContainerItemProxy section */
		A07438EE2BD10D2D00945CB5 /* PBXContainerItemProxy */ = {
			isa = PBXContainerItemProxy;
			containerPortal = A07438E02BD10D2D00945CB5 /* Project object */;
			proxyType = 1;
			remoteGlobalIDString = A07438EB2BD10D2D00945CB5;
			remoteInfo = "Mercury Watch App";
		};
/* End PBXContainerItemProxy section */

/* Begin PBXCopyFilesBuildPhase section */
		A07438FF2BD10D2F00945CB5 /* Embed Watch Content */ = {
			isa = PBXCopyFilesBuildPhase;
			buildActionMask = 2147483647;
			dstPath = "$(CONTENTS_FOLDER_PATH)/Watch";
			dstSubfolderSpec = 16;
			files = (
				A07438ED2BD10D2D00945CB5 /* Mercury Watch App.app in Embed Watch Content */,
			);
			name = "Embed Watch Content";
			runOnlyForDeploymentPostprocessing = 0;
		};
/* End PBXCopyFilesBuildPhase section */

/* Begin PBXFileReference section */
		4A4743F12BF796DF00264855 /* Color+.swift */ = {isa = PBXFileReference; lastKnownFileType = sourcecode.swift; path = "Color+.swift"; sourceTree = "<group>"; };
		4AE620212C09C6CF00722512 /* FormattedText+.swift */ = {isa = PBXFileReference; lastKnownFileType = sourcecode.swift; path = "FormattedText+.swift"; sourceTree = "<group>"; };
		4AF90D682BEE65BA00435355 /* Date+.swift */ = {isa = PBXFileReference; lastKnownFileType = sourcecode.swift; path = "Date+.swift"; sourceTree = "<group>"; };
		9B0418EF2CE10DF700DFFA3F /* ChatDetailViewModel+MessageContents.swift */ = {isa = PBXFileReference; lastKnownFileType = sourcecode.swift; path = "ChatDetailViewModel+MessageContents.swift"; sourceTree = "<group>"; };
		9B0B6CB42CD64DB800BB6A94 /* Mockable.swift */ = {isa = PBXFileReference; lastKnownFileType = sourcecode.swift; path = Mockable.swift; sourceTree = "<group>"; };
		9B0B6CB62CD64F6100BB6A94 /* AppState.swift */ = {isa = PBXFileReference; lastKnownFileType = sourcecode.swift; path = AppState.swift; sourceTree = "<group>"; };
		9B0B6CBB2CD679A600BB6A94 /* StepView.swift */ = {isa = PBXFileReference; lastKnownFileType = sourcecode.swift; path = StepView.swift; sourceTree = "<group>"; };
		9B0BD4A42CD688F000ADE7C9 /* PasswordView.swift */ = {isa = PBXFileReference; lastKnownFileType = sourcecode.swift; path = PasswordView.swift; sourceTree = "<group>"; };
		9B0BD4A62CD6951200ADE7C9 /* QRCodeView.swift */ = {isa = PBXFileReference; lastKnownFileType = sourcecode.swift; path = QRCodeView.swift; sourceTree = "<group>"; };
		9B0E23512CD69FC800ED69D6 /* PreviewTrait+Mock.swift */ = {isa = PBXFileReference; lastKnownFileType = sourcecode.swift; path = "PreviewTrait+Mock.swift"; sourceTree = "<group>"; };
		9B190E612D56B19E0045D311 /* InputCtaView.swift */ = {isa = PBXFileReference; lastKnownFileType = sourcecode.swift; path = InputCtaView.swift; sourceTree = "<group>"; };
		9B2805CB2C4671C500F7DF72 /* TDImage+.swift */ = {isa = PBXFileReference; lastKnownFileType = sourcecode.swift; path = "TDImage+.swift"; sourceTree = "<group>"; };
		9B2E1BDD2C08739800B9B63D /* MessageBubbleShape.swift */ = {isa = PBXFileReference; fileEncoding = 4; lastKnownFileType = sourcecode.swift; path = MessageBubbleShape.swift; sourceTree = "<group>"; };
		9B4451F92C45C63D00A6EBC2 /* User+.swift */ = {isa = PBXFileReference; lastKnownFileType = sourcecode.swift; path = "User+.swift"; sourceTree = "<group>"; };
		9B470C382D81BD8D008A03D3 /* InputMessageContent+.swift */ = {isa = PBXFileReference; lastKnownFileType = sourcecode.swift; path = "InputMessageContent+.swift"; sourceTree = "<group>"; };
		9B53DD7B2C5F933A00CAA125 /* MessageBubbleView.swift */ = {isa = PBXFileReference; fileEncoding = 4; lastKnownFileType = sourcecode.swift; path = MessageBubbleView.swift; sourceTree = "<group>"; };
		9B5600FE2D59D78D005E28F1 /* ScalingButtonStyle.swift */ = {isa = PBXFileReference; lastKnownFileType = sourcecode.swift; path = ScalingButtonStyle.swift; sourceTree = "<group>"; };
		9B5E558A2D8165590058964B /* StickersPickerSubpage.swift */ = {isa = PBXFileReference; lastKnownFileType = sourcecode.swift; path = StickersPickerSubpage.swift; sourceTree = "<group>"; };
		9B5E558D2D81657C0058964B /* StickersPickerViewModel.swift */ = {isa = PBXFileReference; lastKnownFileType = sourcecode.swift; path = StickersPickerViewModel.swift; sourceTree = "<group>"; };
		9B5EBE612CE5F16E00EDCCE3 /* FitStack.swift */ = {isa = PBXFileReference; lastKnownFileType = sourcecode.swift; path = FitStack.swift; sourceTree = "<group>"; };
		9B6D223E2C39BC2B008A1054 /* ChatFolder.swift */ = {isa = PBXFileReference; lastKnownFileType = sourcecode.swift; path = ChatFolder.swift; sourceTree = "<group>"; };
		9B8493E72C7623B700AC90E9 /* View+.swift */ = {isa = PBXFileReference; lastKnownFileType = sourcecode.swift; path = "View+.swift"; sourceTree = "<group>"; };
		9BA9A4F12CE798C5005C717C /* FlowLayout.swift */ = {isa = PBXFileReference; lastKnownFileType = sourcecode.swift; path = FlowLayout.swift; sourceTree = "<group>"; };
		9BA9A4F32CE79DB0005C717C /* Stack.swift */ = {isa = PBXFileReference; lastKnownFileType = sourcecode.swift; path = Stack.swift; sourceTree = "<group>"; };
		9BAA75E02CD4F08A0007B4E2 /* sticker.tgs */ = {isa = PBXFileReference; lastKnownFileType = file; path = sticker.tgs; sourceTree = "<group>"; };
		9BB3BCB32D14376700CAFB31 /* CodeKeypadView.swift */ = {isa = PBXFileReference; lastKnownFileType = sourcecode.swift; path = CodeKeypadView.swift; sourceTree = "<group>"; };
		9BB3BCB52D14379400CAFB31 /* KeypadView.swift */ = {isa = PBXFileReference; lastKnownFileType = sourcecode.swift; path = KeypadView.swift; sourceTree = "<group>"; };
		9BB3BCB72D14379F00CAFB31 /* PhoneKeypadView.swift */ = {isa = PBXFileReference; lastKnownFileType = sourcecode.swift; path = PhoneKeypadView.swift; sourceTree = "<group>"; };
		9BD9F9E32CDD044900833C48 /* AsyncView.swift */ = {isa = PBXFileReference; lastKnownFileType = sourcecode.swift; path = AsyncView.swift; sourceTree = "<group>"; };
		9BF303552D3A70EB00309992 /* TextDivider.swift */ = {isa = PBXFileReference; lastKnownFileType = sourcecode.swift; path = TextDivider.swift; sourceTree = "<group>"; };
		A04ABE502CE00F1600641BC1 /* MessageOptionsSubpage.swift */ = {isa = PBXFileReference; lastKnownFileType = sourcecode.swift; path = MessageOptionsSubpage.swift; sourceTree = "<group>"; };
		A04ABE512CE00F1600641BC1 /* MessageOptionsViewModel.swift */ = {isa = PBXFileReference; lastKnownFileType = sourcecode.swift; path = MessageOptionsViewModel.swift; sourceTree = "<group>"; };
		A04ABE572CE015F800641BC1 /* VoiceNoteRecordSubpage.swift */ = {isa = PBXFileReference; lastKnownFileType = sourcecode.swift; path = VoiceNoteRecordSubpage.swift; sourceTree = "<group>"; };
		A04ABE582CE015F800641BC1 /* VoiceNoteRecordViewModel.swift */ = {isa = PBXFileReference; lastKnownFileType = sourcecode.swift; path = VoiceNoteRecordViewModel.swift; sourceTree = "<group>"; };
		A04ABE5C2CE01F7300641BC1 /* PlayerService.swift */ = {isa = PBXFileReference; lastKnownFileType = sourcecode.swift; path = PlayerService.swift; sourceTree = "<group>"; };
		A04ABE5D2CE01F7300641BC1 /* RecorderService.swift */ = {isa = PBXFileReference; lastKnownFileType = sourcecode.swift; path = RecorderService.swift; sourceTree = "<group>"; };
		A04ABE892CE0B99900641BC1 /* ChatListViewModel+Updates.swift */ = {isa = PBXFileReference; lastKnownFileType = sourcecode.swift; path = "ChatListViewModel+Updates.swift"; sourceTree = "<group>"; };
		A04ABE8B2CE0BA1D00641BC1 /* ChatListViewModel+Chats.swift */ = {isa = PBXFileReference; lastKnownFileType = sourcecode.swift; path = "ChatListViewModel+Chats.swift"; sourceTree = "<group>"; };
		A05C1AC42BECCF4B00724B6E /* Message+.swift */ = {isa = PBXFileReference; lastKnownFileType = sourcecode.swift; path = "Message+.swift"; sourceTree = "<group>"; };
		A06AEA122D6B854E00EF8377 /* LoadableModifier.swift */ = {isa = PBXFileReference; lastKnownFileType = sourcecode.swift; path = LoadableModifier.swift; sourceTree = "<group>"; };
		A07438E62BD10D2D00945CB5 /* Mercury.app */ = {isa = PBXFileReference; explicitFileType = wrapper.application; includeInIndex = 0; path = Mercury.app; sourceTree = BUILT_PRODUCTS_DIR; };
		A07438EC2BD10D2D00945CB5 /* Mercury Watch App.app */ = {isa = PBXFileReference; explicitFileType = wrapper.application; includeInIndex = 0; path = "Mercury Watch App.app"; sourceTree = BUILT_PRODUCTS_DIR; };
		A07438F12BD10D2D00945CB5 /* MercuryApp.swift */ = {isa = PBXFileReference; lastKnownFileType = sourcecode.swift; path = MercuryApp.swift; sourceTree = "<group>"; };
		A07438F52BD10D2F00945CB5 /* Assets.xcassets */ = {isa = PBXFileReference; lastKnownFileType = folder.assetcatalog; path = Assets.xcassets; sourceTree = "<group>"; };
		A07438F82BD10D2F00945CB5 /* Preview Assets.xcassets */ = {isa = PBXFileReference; lastKnownFileType = folder.assetcatalog; path = "Preview Assets.xcassets"; sourceTree = "<group>"; };
		A080D88B2CD64A7C00920564 /* SecretService.swift */ = {isa = PBXFileReference; lastKnownFileType = sourcecode.swift; path = SecretService.swift; sourceTree = "<group>"; };
		A080D88C2CD64A7C00920564 /* SecretService-sample.swift */ = {isa = PBXFileReference; lastKnownFileType = sourcecode.swift; path = "SecretService-sample.swift"; sourceTree = "<group>"; };
		A080D8922CD64B1700920564 /* ChatDetailPage.swift */ = {isa = PBXFileReference; lastKnownFileType = sourcecode.swift; path = ChatDetailPage.swift; sourceTree = "<group>"; };
		A080D8932CD64B1700920564 /* ChatDetailViewModel.swift */ = {isa = PBXFileReference; lastKnownFileType = sourcecode.swift; path = ChatDetailViewModel.swift; sourceTree = "<group>"; };
		A080D8952CD64B1700920564 /* ChatListPage.swift */ = {isa = PBXFileReference; lastKnownFileType = sourcecode.swift; path = ChatListPage.swift; sourceTree = "<group>"; };
		A080D8962CD64B1700920564 /* ChatListViewModel.swift */ = {isa = PBXFileReference; lastKnownFileType = sourcecode.swift; path = ChatListViewModel.swift; sourceTree = "<group>"; };
		A080D8982CD64B1700920564 /* HomePage.swift */ = {isa = PBXFileReference; lastKnownFileType = sourcecode.swift; path = HomePage.swift; sourceTree = "<group>"; };
		A080D8992CD64B1700920564 /* HomeViewModel.swift */ = {isa = PBXFileReference; lastKnownFileType = sourcecode.swift; path = HomeViewModel.swift; sourceTree = "<group>"; };
		A080D89B2CD64B1700920564 /* LoginPage.swift */ = {isa = PBXFileReference; lastKnownFileType = sourcecode.swift; path = LoginPage.swift; sourceTree = "<group>"; };
		A080D89C2CD64B1700920564 /* LoginViewModel.swift */ = {isa = PBXFileReference; lastKnownFileType = sourcecode.swift; path = LoginViewModel.swift; sourceTree = "<group>"; };
		A080D89E2CD64B1700920564 /* SettingsPage.swift */ = {isa = PBXFileReference; lastKnownFileType = sourcecode.swift; path = SettingsPage.swift; sourceTree = "<group>"; };
		A080D89F2CD64B1700920564 /* SettingsViewModel.swift */ = {isa = PBXFileReference; lastKnownFileType = sourcecode.swift; path = SettingsViewModel.swift; sourceTree = "<group>"; };
		A080D8B72CD7842A00920564 /* ChatCellView.swift */ = {isa = PBXFileReference; lastKnownFileType = sourcecode.swift; path = ChatCellView.swift; sourceTree = "<group>"; };
		A080D8BE2CD78CED00920564 /* AvatarView.swift */ = {isa = PBXFileReference; lastKnownFileType = sourcecode.swift; path = AvatarView.swift; sourceTree = "<group>"; };
		A080D8C32CD9666C00920564 /* ChatNotificationSettings+.swift */ = {isa = PBXFileReference; lastKnownFileType = sourcecode.swift; path = "ChatNotificationSettings+.swift"; sourceTree = "<group>"; };
		A080D8C72CDA239B00920564 /* MessageView.swift */ = {isa = PBXFileReference; lastKnownFileType = sourcecode.swift; path = MessageView.swift; sourceTree = "<group>"; };
		A080D8D52CDA963500920564 /* StateIconView.swift */ = {isa = PBXFileReference; lastKnownFileType = sourcecode.swift; path = StateIconView.swift; sourceTree = "<group>"; };
		A080D8D72CDA996F00920564 /* ReactionView.swift */ = {isa = PBXFileReference; lastKnownFileType = sourcecode.swift; path = ReactionView.swift; sourceTree = "<group>"; };
		A080D8D92CDAADEC00920564 /* ReplyView.swift */ = {isa = PBXFileReference; lastKnownFileType = sourcecode.swift; path = ReplyView.swift; sourceTree = "<group>"; };
		A080D8DD2CDC051300920564 /* LocationView.swift */ = {isa = PBXFileReference; lastKnownFileType = sourcecode.swift; path = LocationView.swift; sourceTree = "<group>"; };
		A080D8DF2CDC08FF00920564 /* PillView.swift */ = {isa = PBXFileReference; lastKnownFileType = sourcecode.swift; path = PillView.swift; sourceTree = "<group>"; };
		A080D8E12CDC0B1800920564 /* VoiceNoteView.swift */ = {isa = PBXFileReference; lastKnownFileType = sourcecode.swift; path = VoiceNoteView.swift; sourceTree = "<group>"; };
		A080D8EB2CDC17BC00920564 /* audio_sample.m4a */ = {isa = PBXFileReference; lastKnownFileType = file; path = audio_sample.m4a; sourceTree = "<group>"; };
		A080D8ED2CDE272E00920564 /* ChatDetailViewModel+Updates.swift */ = {isa = PBXFileReference; lastKnownFileType = sourcecode.swift; path = "ChatDetailViewModel+Updates.swift"; sourceTree = "<group>"; };
		A080D8EF2CDE27AE00920564 /* ChatDetailViewModel+Interactions.swift */ = {isa = PBXFileReference; lastKnownFileType = sourcecode.swift; path = "ChatDetailViewModel+Interactions.swift"; sourceTree = "<group>"; };
		A080D8F12CDE2AFB00920564 /* ChatDetailViewModel+Messages.swift */ = {isa = PBXFileReference; lastKnownFileType = sourcecode.swift; path = "ChatDetailViewModel+Messages.swift"; sourceTree = "<group>"; };
		A081AAD22C071C82002A265C /* ChatAction+.swift */ = {isa = PBXFileReference; lastKnownFileType = sourcecode.swift; path = "ChatAction+.swift"; sourceTree = "<group>"; };
		A081AAD42C0721C2002A265C /* Chat+.swift */ = {isa = PBXFileReference; lastKnownFileType = sourcecode.swift; path = "Chat+.swift"; sourceTree = "<group>"; };
		A081AAD62C072536002A265C /* MessageSender+.swift */ = {isa = PBXFileReference; lastKnownFileType = sourcecode.swift; path = "MessageSender+.swift"; sourceTree = "<group>"; };
		A0CA7BA52BF90FC200E66219 /* AppDelegate.swift */ = {isa = PBXFileReference; lastKnownFileType = sourcecode.swift; path = AppDelegate.swift; sourceTree = "<group>"; };
		A0CDF8BD2CE78FC70015E20E /* UserCellView.swift */ = {isa = PBXFileReference; lastKnownFileType = sourcecode.swift; path = UserCellView.swift; sourceTree = "<group>"; };
		A0CDF8BF2CE7D4AB0015E20E /* LoggerService.swift */ = {isa = PBXFileReference; lastKnownFileType = sourcecode.swift; path = LoggerService.swift; sourceTree = "<group>"; };
		A0CDF8C12CE7D4B10015E20E /* FileService.swift */ = {isa = PBXFileReference; lastKnownFileType = sourcecode.swift; path = FileService.swift; sourceTree = "<group>"; };
		A0CDF8C52CE7D4D70015E20E /* SendMessageService.swift */ = {isa = PBXFileReference; lastKnownFileType = sourcecode.swift; path = SendMessageService.swift; sourceTree = "<group>"; };
		A0CDF94C2CE7D6060015E20E /* AlertView.swift */ = {isa = PBXFileReference; lastKnownFileType = sourcecode.swift; path = AlertView.swift; sourceTree = "<group>"; };
		A0CF53262BDFD78900BA394B /* TDLibManager.swift */ = {isa = PBXFileReference; lastKnownFileType = sourcecode.swift; path = TDLibManager.swift; sourceTree = "<group>"; };
		A0CF53282BDFD79400BA394B /* TDLibManagerProtocols.swift */ = {isa = PBXFileReference; lastKnownFileType = sourcecode.swift; path = TDLibManagerProtocols.swift; sourceTree = "<group>"; };
		A0CF532A2BDFD79D00BA394B /* TDLibViewModel.swift */ = {isa = PBXFileReference; lastKnownFileType = sourcecode.swift; path = TDLibViewModel.swift; sourceTree = "<group>"; };
		A0DF84892CCB9A6F00CC101E /* FileManager+.swift */ = {isa = PBXFileReference; lastKnownFileType = sourcecode.swift; path = "FileManager+.swift"; sourceTree = "<group>"; };
		A0F63BD82BD63B0500F7135E /* Mercury-Watch-App-Info.plist */ = {isa = PBXFileReference; lastKnownFileType = text.plist; path = "Mercury-Watch-App-Info.plist"; sourceTree = SOURCE_ROOT; };
/* End PBXFileReference section */

/* Begin PBXFrameworksBuildPhase section */
		A07438E92BD10D2D00945CB5 /* Frameworks */ = {
			isa = PBXFrameworksBuildPhase;
			buildActionMask = 2147483647;
			files = (
				A06AE85A2CCAB6EE003282B2 /* DSWaveformImage in Frameworks */,
				A07D48E12CC93D9900DC34EF /* DSWaveformImageViews in Frameworks */,
				9BAA75E42CD4F1620007B4E2 /* Gzip in Frameworks */,
				A0524FAE2CC8EC4E0021D3FA /* DSWaveformImage in Frameworks */,
				A0524FB02CC8EC4E0021D3FA /* DSWaveformImageViews in Frameworks */,
				A0054EA62BF3E12F009F2CEB /* TDLibKit in Frameworks */,
				9BAA75DD2CD4EE370007B4E2 /* SDWebImageLottieCoder in Frameworks */,
				A09F310F2CC0487700F6ACC8 /* SwiftOGG in Frameworks */,
				A06AE85C2CCAB6EE003282B2 /* DSWaveformImageViews in Frameworks */,
				A07D48DF2CC93D9900DC34EF /* DSWaveformImage in Frameworks */,
				A06AE85F2CCAB812003282B2 /* SDWebImageWebPCoder in Frameworks */,
				A0951E982C95CDFE00CF638C /* QRCode in Frameworks */,
			);
			runOnlyForDeploymentPostprocessing = 0;
		};
/* End PBXFrameworksBuildPhase section */

/* Begin PBXGroup section */
		9B0B6CBA2CD6799800BB6A94 /* Subviews */ = {
			isa = PBXGroup;
			children = (
				9B0B6CBB2CD679A600BB6A94 /* StepView.swift */,
				9B0BD4A42CD688F000ADE7C9 /* PasswordView.swift */,
				9B190E612D56B19E0045D311 /* InputCtaView.swift */,
				9B0BD4A62CD6951200ADE7C9 /* QRCodeView.swift */,
			);
			path = Subviews;
			sourceTree = "<group>";
		};
		9B0E23502CD69FA600ED69D6 /* Extensions */ = {
			isa = PBXGroup;
			children = (
				9B0E23512CD69FC800ED69D6 /* PreviewTrait+Mock.swift */,
				4AF90D682BEE65BA00435355 /* Date+.swift */,
				A05C1AC42BECCF4B00724B6E /* Message+.swift */,
				A0DF84892CCB9A6F00CC101E /* FileManager+.swift */,
				4AE620212C09C6CF00722512 /* FormattedText+.swift */,
				A081AAD62C072536002A265C /* MessageSender+.swift */,
				A081AAD42C0721C2002A265C /* Chat+.swift */,
				A081AAD22C071C82002A265C /* ChatAction+.swift */,
				A080D8C32CD9666C00920564 /* ChatNotificationSettings+.swift */,
				9B470C382D81BD8D008A03D3 /* InputMessageContent+.swift */,
				4A4743F12BF796DF00264855 /* Color+.swift */,
				9B4451F92C45C63D00A6EBC2 /* User+.swift */,
				9B2805CB2C4671C500F7DF72 /* TDImage+.swift */,
				9B8493E72C7623B700AC90E9 /* View+.swift */,
			);
			path = Extensions;
			sourceTree = "<group>";
		};
		9B5E558C2D8165630058964B /* StickersPicker */ = {
			isa = PBXGroup;
			children = (
				9B5E558A2D8165590058964B /* StickersPickerSubpage.swift */,
				9B5E558D2D81657C0058964B /* StickersPickerViewModel.swift */,
			);
			path = StickersPicker;
			sourceTree = "<group>";
		};
		9BB3BCB22D14373D00CAFB31 /* Keypad */ = {
			isa = PBXGroup;
			children = (
				9BB3BCB72D14379F00CAFB31 /* PhoneKeypadView.swift */,
				9BB3BCB52D14379400CAFB31 /* KeypadView.swift */,
				9BB3BCB32D14376700CAFB31 /* CodeKeypadView.swift */,
			);
			path = Keypad;
			sourceTree = "<group>";
		};
		A04ABE4E2CE00EFD00641BC1 /* Subpages */ = {
			isa = PBXGroup;
			children = (
				A04ABE592CE015F800641BC1 /* VoiceNoteRecord */,
				A04ABE522CE00F1600641BC1 /* MessageOptions */,
			);
			path = Subpages;
			sourceTree = "<group>";
		};
		A04ABE522CE00F1600641BC1 /* MessageOptions */ = {
			isa = PBXGroup;
			children = (
				A04ABE502CE00F1600641BC1 /* MessageOptionsSubpage.swift */,
				A04ABE512CE00F1600641BC1 /* MessageOptionsViewModel.swift */,
			);
			path = MessageOptions;
			sourceTree = "<group>";
		};
		A04ABE592CE015F800641BC1 /* VoiceNoteRecord */ = {
			isa = PBXGroup;
			children = (
				A04ABE572CE015F800641BC1 /* VoiceNoteRecordSubpage.swift */,
				A04ABE582CE015F800641BC1 /* VoiceNoteRecordViewModel.swift */,
			);
			path = VoiceNoteRecord;
			sourceTree = "<group>";
		};
		A04ABE8D2CE117BB00641BC1 /* Subviews */ = {
			isa = PBXGroup;
			children = (
				A0CDF8BD2CE78FC70015E20E /* UserCellView.swift */,
			);
			path = Subviews;
			sourceTree = "<group>";
		};
		A07438DF2BD10D2D00945CB5 = {
			isa = PBXGroup;
			children = (
				A0F63BD82BD63B0500F7135E /* Mercury-Watch-App-Info.plist */,
				A07438F02BD10D2D00945CB5 /* Mercury Watch App */,
				A07438E72BD10D2D00945CB5 /* Products */,
			);
			sourceTree = "<group>";
		};
		A07438E72BD10D2D00945CB5 /* Products */ = {
			isa = PBXGroup;
			children = (
				A07438E62BD10D2D00945CB5 /* Mercury.app */,
				A07438EC2BD10D2D00945CB5 /* Mercury Watch App.app */,
			);
			name = Products;
			sourceTree = "<group>";
		};
		A07438F02BD10D2D00945CB5 /* Mercury Watch App */ = {
			isa = PBXGroup;
			children = (
				A07438F12BD10D2D00945CB5 /* MercuryApp.swift */,
				A0CA7BA52BF90FC200E66219 /* AppDelegate.swift */,
				9B0B6CB62CD64F6100BB6A94 /* AppState.swift */,
				A080D8A12CD64B1700920564 /* Pages */,
				A080D88E2CD64A7C00920564 /* Utils */,
				A080D8B92CD78C5900920564 /* Shared */,
				A0CF53252BDFD77D00BA394B /* TDLib */,
				A07438F72BD10D2F00945CB5 /* Preview Content */,
				A07438F52BD10D2F00945CB5 /* Assets.xcassets */,
			);
			path = "Mercury Watch App";
			sourceTree = "<group>";
		};
		A07438F72BD10D2F00945CB5 /* Preview Content */ = {
			isa = PBXGroup;
			children = (
				A080D8EB2CDC17BC00920564 /* audio_sample.m4a */,
				9BAA75E02CD4F08A0007B4E2 /* sticker.tgs */,
				A07438F82BD10D2F00945CB5 /* Preview Assets.xcassets */,
			);
			path = "Preview Content";
			sourceTree = "<group>";
		};
		A080D88D2CD64A7C00920564 /* Services */ = {
			isa = PBXGroup;
			children = (
				A04ABE5C2CE01F7300641BC1 /* PlayerService.swift */,
				A04ABE5D2CE01F7300641BC1 /* RecorderService.swift */,
				A080D88B2CD64A7C00920564 /* SecretService.swift */,
				A080D88C2CD64A7C00920564 /* SecretService-sample.swift */,
				A0CDF8BF2CE7D4AB0015E20E /* LoggerService.swift */,
				A0CDF8C12CE7D4B10015E20E /* FileService.swift */,
				A0CDF8C52CE7D4D70015E20E /* SendMessageService.swift */,
			);
			path = Services;
			sourceTree = "<group>";
		};
		A080D88E2CD64A7C00920564 /* Utils */ = {
			isa = PBXGroup;
			children = (
				9B0E23502CD69FA600ED69D6 /* Extensions */,
				A080D88D2CD64A7C00920564 /* Services */,
				9B0B6CB42CD64DB800BB6A94 /* Mockable.swift */,
			);
			path = Utils;
			sourceTree = "<group>";
		};
		A080D8942CD64B1700920564 /* ChatDetail */ = {
			isa = PBXGroup;
			children = (
				A080D8B02CD64B6600920564 /* Subviews */,
				A04ABE4E2CE00EFD00641BC1 /* Subpages */,
				9B5E558C2D8165630058964B /* StickersPicker */,
				A080D8922CD64B1700920564 /* ChatDetailPage.swift */,
				A080D8932CD64B1700920564 /* ChatDetailViewModel.swift */,
				A080D8F12CDE2AFB00920564 /* ChatDetailViewModel+Messages.swift */,
				9B0418EF2CE10DF700DFFA3F /* ChatDetailViewModel+MessageContents.swift */,
				A080D8ED2CDE272E00920564 /* ChatDetailViewModel+Updates.swift */,
				A080D8EF2CDE27AE00920564 /* ChatDetailViewModel+Interactions.swift */,
			);
			path = ChatDetail;
			sourceTree = "<group>";
		};
		A080D8972CD64B1700920564 /* ChatList */ = {
			isa = PBXGroup;
			children = (
				A080D8AF2CD64B6500920564 /* Subviews */,
				A080D8952CD64B1700920564 /* ChatListPage.swift */,
				A080D8962CD64B1700920564 /* ChatListViewModel.swift */,
				A04ABE8B2CE0BA1D00641BC1 /* ChatListViewModel+Chats.swift */,
				A04ABE892CE0B99900641BC1 /* ChatListViewModel+Updates.swift */,
			);
			path = ChatList;
			sourceTree = "<group>";
		};
		A080D89A2CD64B1700920564 /* Home */ = {
			isa = PBXGroup;
			children = (
				A04ABE8D2CE117BB00641BC1 /* Subviews */,
				A080D8982CD64B1700920564 /* HomePage.swift */,
				A080D8992CD64B1700920564 /* HomeViewModel.swift */,
			);
			path = Home;
			sourceTree = "<group>";
		};
		A080D89D2CD64B1700920564 /* Login */ = {
			isa = PBXGroup;
			children = (
				9B0B6CBA2CD6799800BB6A94 /* Subviews */,
				A080D89B2CD64B1700920564 /* LoginPage.swift */,
				A080D89C2CD64B1700920564 /* LoginViewModel.swift */,
			);
			path = Login;
			sourceTree = "<group>";
		};
		A080D8A02CD64B1700920564 /* Settings */ = {
			isa = PBXGroup;
			children = (
				A080D89E2CD64B1700920564 /* SettingsPage.swift */,
				A080D89F2CD64B1700920564 /* SettingsViewModel.swift */,
			);
			path = Settings;
			sourceTree = "<group>";
		};
		A080D8A12CD64B1700920564 /* Pages */ = {
			isa = PBXGroup;
			children = (
				A080D89D2CD64B1700920564 /* Login */,
				A080D89A2CD64B1700920564 /* Home */,
				A080D8A02CD64B1700920564 /* Settings */,
				A080D8972CD64B1700920564 /* ChatList */,
				A080D8942CD64B1700920564 /* ChatDetail */,
			);
			path = Pages;
			sourceTree = "<group>";
		};
		A080D8AF2CD64B6500920564 /* Subviews */ = {
			isa = PBXGroup;
			children = (
				A080D8B72CD7842A00920564 /* ChatCellView.swift */,
			);
			path = Subviews;
			sourceTree = "<group>";
		};
		A080D8B02CD64B6600920564 /* Subviews */ = {
			isa = PBXGroup;
			children = (
				A080D8C92CDA281200920564 /* Message */,
			);
			path = Subviews;
			sourceTree = "<group>";
		};
		A080D8B92CD78C5900920564 /* Shared */ = {
			isa = PBXGroup;
			children = (
				A080D8C02CD7927200920564 /* Models */,
				A080D8BD2CD78CE600920564 /* Components */,
			);
			path = Shared;
			sourceTree = "<group>";
		};
		A080D8BD2CD78CE600920564 /* Components */ = {
			isa = PBXGroup;
			children = (
				A06AEA122D6B854E00EF8377 /* LoadableModifier.swift */,
				A080D8BE2CD78CED00920564 /* AvatarView.swift */,
				9BD9F9E32CDD044900833C48 /* AsyncView.swift */,
				9BF303552D3A70EB00309992 /* TextDivider.swift */,
				9BA9A4F32CE79DB0005C717C /* Stack.swift */,
				9B5EBE612CE5F16E00EDCCE3 /* FitStack.swift */,
				9BA9A4F12CE798C5005C717C /* FlowLayout.swift */,
				A0CDF94C2CE7D6060015E20E /* AlertView.swift */,
				9B5600FE2D59D78D005E28F1 /* ScalingButtonStyle.swift */,
				9BB3BCB22D14373D00CAFB31 /* Keypad */,
			);
			path = Components;
			sourceTree = "<group>";
		};
		A080D8C02CD7927200920564 /* Models */ = {
			isa = PBXGroup;
			children = (
				9B6D223E2C39BC2B008A1054 /* ChatFolder.swift */,
			);
			path = Models;
			sourceTree = "<group>";
		};
		A080D8C92CDA281200920564 /* Message */ = {
			isa = PBXGroup;
			children = (
				A080D8CB2CDA284000920564 /* Components */,
				A080D8CA2CDA281C00920564 /* Contents */,
				A080D8C72CDA239B00920564 /* MessageView.swift */,
			);
			path = Message;
			sourceTree = "<group>";
		};
		A080D8CA2CDA281C00920564 /* Contents */ = {
			isa = PBXGroup;
			children = (
				A080D8DD2CDC051300920564 /* LocationView.swift */,
				A080D8DF2CDC08FF00920564 /* PillView.swift */,
				A080D8E12CDC0B1800920564 /* VoiceNoteView.swift */,
			);
			path = Contents;
			sourceTree = "<group>";
		};
		A080D8CB2CDA284000920564 /* Components */ = {
			isa = PBXGroup;
			children = (
				9B2E1BDD2C08739800B9B63D /* MessageBubbleShape.swift */,
				9B53DD7B2C5F933A00CAA125 /* MessageBubbleView.swift */,
				A080D8D52CDA963500920564 /* StateIconView.swift */,
				A080D8D72CDA996F00920564 /* ReactionView.swift */,
				A080D8D92CDAADEC00920564 /* ReplyView.swift */,
			);
			path = Components;
			sourceTree = "<group>";
		};
		A0CF53252BDFD77D00BA394B /* TDLib */ = {
			isa = PBXGroup;
			children = (
				A0CF53262BDFD78900BA394B /* TDLibManager.swift */,
				A0CF53282BDFD79400BA394B /* TDLibManagerProtocols.swift */,
				A0CF532A2BDFD79D00BA394B /* TDLibViewModel.swift */,
			);
			path = TDLib;
			sourceTree = "<group>";
		};
/* End PBXGroup section */

/* Begin PBXNativeTarget section */
		A07438E52BD10D2D00945CB5 /* Mercury */ = {
			isa = PBXNativeTarget;
			buildConfigurationList = A07439002BD10D2F00945CB5 /* Build configuration list for PBXNativeTarget "Mercury" */;
			buildPhases = (
				A07438E42BD10D2D00945CB5 /* Resources */,
				A07438FF2BD10D2F00945CB5 /* Embed Watch Content */,
			);
			buildRules = (
			);
			dependencies = (
				A07438EF2BD10D2D00945CB5 /* PBXTargetDependency */,
			);
			name = Mercury;
			productName = Mercury;
			productReference = A07438E62BD10D2D00945CB5 /* Mercury.app */;
			productType = "com.apple.product-type.application.watchapp2-container";
		};
		A07438EB2BD10D2D00945CB5 /* Mercury Watch App */ = {
			isa = PBXNativeTarget;
			buildConfigurationList = A07438FC2BD10D2F00945CB5 /* Build configuration list for PBXNativeTarget "Mercury Watch App" */;
			buildPhases = (
				A07438E82BD10D2D00945CB5 /* Sources */,
				A07438E92BD10D2D00945CB5 /* Frameworks */,
				A07438EA2BD10D2D00945CB5 /* Resources */,
			);
			buildRules = (
			);
			dependencies = (
			);
			name = "Mercury Watch App";
			packageProductDependencies = (
				A0054EA52BF3E12F009F2CEB /* TDLibKit */,
				A0951E972C95CDFE00CF638C /* QRCode */,
				A09F310E2CC0487700F6ACC8 /* SwiftOGG */,
				A0524FAD2CC8EC4E0021D3FA /* DSWaveformImage */,
				A0524FAF2CC8EC4E0021D3FA /* DSWaveformImageViews */,
				A07D48DE2CC93D9900DC34EF /* DSWaveformImage */,
				A07D48E02CC93D9900DC34EF /* DSWaveformImageViews */,
				A06AE8592CCAB6EE003282B2 /* DSWaveformImage */,
				A06AE85B2CCAB6EE003282B2 /* DSWaveformImageViews */,
				A06AE85E2CCAB812003282B2 /* SDWebImageWebPCoder */,
				9BAA75DC2CD4EE370007B4E2 /* SDWebImageLottieCoder */,
				9BAA75E32CD4F1620007B4E2 /* Gzip */,
			);
			productName = "Mercury Watch App";
			productReference = A07438EC2BD10D2D00945CB5 /* Mercury Watch App.app */;
			productType = "com.apple.product-type.application";
		};
/* End PBXNativeTarget section */

/* Begin PBXProject section */
		A07438E02BD10D2D00945CB5 /* Project object */ = {
			isa = PBXProject;
			attributes = {
				BuildIndependentTargetsInParallel = 1;
				LastSwiftUpdateCheck = 1530;
				LastUpgradeCheck = 1530;
				TargetAttributes = {
					A07438E52BD10D2D00945CB5 = {
						CreatedOnToolsVersion = 15.3;
					};
					A07438EB2BD10D2D00945CB5 = {
						CreatedOnToolsVersion = 15.3;
					};
				};
			};
			buildConfigurationList = A07438E32BD10D2D00945CB5 /* Build configuration list for PBXProject "Mercury" */;
			compatibilityVersion = "Xcode 14.0";
			developmentRegion = en;
			hasScannedForEncodings = 0;
			knownRegions = (
				en,
				Base,
			);
			mainGroup = A07438DF2BD10D2D00945CB5;
			packageReferences = (
				A0054EA42BF3E12F009F2CEB /* XCRemoteSwiftPackageReference "TDLibKit" */,
				A0951E962C95CDFD00CF638C /* XCRemoteSwiftPackageReference "QRCode" */,
				A09F310D2CC0487700F6ACC8 /* XCRemoteSwiftPackageReference "swift-ogg" */,
				A06AE8582CCAB6EE003282B2 /* XCRemoteSwiftPackageReference "DSWaveformImage" */,
				A06AE85D2CCAB812003282B2 /* XCRemoteSwiftPackageReference "SDWebImageWebPCoder" */,
				9BAA75DB2CD4EE370007B4E2 /* XCRemoteSwiftPackageReference "SDWebImageLottieCoder" */,
				9BAA75E22CD4F1620007B4E2 /* XCRemoteSwiftPackageReference "GzipSwift" */,
			);
			productRefGroup = A07438E72BD10D2D00945CB5 /* Products */;
			projectDirPath = "";
			projectRoot = "";
			targets = (
				A07438E52BD10D2D00945CB5 /* Mercury */,
				A07438EB2BD10D2D00945CB5 /* Mercury Watch App */,
			);
		};
/* End PBXProject section */

/* Begin PBXResourcesBuildPhase section */
		A07438E42BD10D2D00945CB5 /* Resources */ = {
			isa = PBXResourcesBuildPhase;
			buildActionMask = 2147483647;
			files = (
			);
			runOnlyForDeploymentPostprocessing = 0;
		};
		A07438EA2BD10D2D00945CB5 /* Resources */ = {
			isa = PBXResourcesBuildPhase;
			buildActionMask = 2147483647;
			files = (
				A080D8EC2CDC17BD00920564 /* audio_sample.m4a in Resources */,
				9BAA75E12CD4F08A0007B4E2 /* sticker.tgs in Resources */,
				A07438F92BD10D2F00945CB5 /* Preview Assets.xcassets in Resources */,
				A07438F62BD10D2F00945CB5 /* Assets.xcassets in Resources */,
			);
			runOnlyForDeploymentPostprocessing = 0;
		};
/* End PBXResourcesBuildPhase section */

/* Begin PBXSourcesBuildPhase section */
		A07438E82BD10D2D00945CB5 /* Sources */ = {
			isa = PBXSourcesBuildPhase;
			buildActionMask = 2147483647;
			files = (
				9B0B6CBC2CD679A600BB6A94 /* StepView.swift in Sources */,
				A080D8E22CDC0B1800920564 /* VoiceNoteView.swift in Sources */,
				A04ABE5A2CE015F800641BC1 /* VoiceNoteRecordSubpage.swift in Sources */,
				A04ABE5B2CE015F800641BC1 /* VoiceNoteRecordViewModel.swift in Sources */,
				9B5EBE622CE5F16F00EDCCE3 /* FitStack.swift in Sources */,
				A04ABE8C2CE0BA1D00641BC1 /* ChatListViewModel+Chats.swift in Sources */,
				4AF90D692BEE65BA00435355 /* Date+.swift in Sources */,
				A081AAD72C072536002A265C /* MessageSender+.swift in Sources */,
				9B8493E82C7623B700AC90E9 /* View+.swift in Sources */,
				A080D8BF2CD78CED00920564 /* AvatarView.swift in Sources */,
				A080D8D62CDA963500920564 /* StateIconView.swift in Sources */,
				A0CDF8C62CE7D4D70015E20E /* SendMessageService.swift in Sources */,
				A080D8C82CDA239B00920564 /* MessageView.swift in Sources */,
				9B0BD4A72CD6951200ADE7C9 /* QRCodeView.swift in Sources */,
				9B5600FF2D59D78D005E28F1 /* ScalingButtonStyle.swift in Sources */,
				A0CF53272BDFD78900BA394B /* TDLibManager.swift in Sources */,
				9BA9A4F22CE798C5005C717C /* FlowLayout.swift in Sources */,
				9B53DD7C2C5F933A00CAA125 /* MessageBubbleView.swift in Sources */,
				A080D8D82CDA996F00920564 /* ReactionView.swift in Sources */,
				9B6D223F2C39BC2B008A1054 /* ChatFolder.swift in Sources */,
				A0CA7BA62BF90FC200E66219 /* AppDelegate.swift in Sources */,
				9B5E558B2D8165590058964B /* StickersPickerSubpage.swift in Sources */,
				A04ABE532CE00F1600641BC1 /* MessageOptionsSubpage.swift in Sources */,
				A04ABE542CE00F1600641BC1 /* MessageOptionsViewModel.swift in Sources */,
				9B0E23522CD69FC800ED69D6 /* PreviewTrait+Mock.swift in Sources */,
				9B2805CC2C4671C500F7DF72 /* TDImage+.swift in Sources */,
				A081AAD32C071C82002A265C /* ChatAction+.swift in Sources */,
				A080D88F2CD64A7C00920564 /* SecretService-sample.swift in Sources */,
				9BF303562D3A70EB00309992 /* TextDivider.swift in Sources */,
				A080D8902CD64A7C00920564 /* SecretService.swift in Sources */,
				9B0B6CB52CD64DB800BB6A94 /* Mockable.swift in Sources */,
				A080D8F02CDE27AE00920564 /* ChatDetailViewModel+Interactions.swift in Sources */,
				9B2E1BE02C08739800B9B63D /* MessageBubbleShape.swift in Sources */,
				A080D8EE2CDE273A00920564 /* ChatDetailViewModel+Updates.swift in Sources */,
				A0CF532B2BDFD79D00BA394B /* TDLibViewModel.swift in Sources */,
				A07438F22BD10D2D00945CB5 /* MercuryApp.swift in Sources */,
				A04ABE5E2CE01F7300641BC1 /* PlayerService.swift in Sources */,
				A04ABE5F2CE01F7300641BC1 /* RecorderService.swift in Sources */,
				A0CDF8C22CE7D4B10015E20E /* FileService.swift in Sources */,
				A04ABE8A2CE0B99900641BC1 /* ChatListViewModel+Updates.swift in Sources */,
				A0CDF8C02CE7D4AB0015E20E /* LoggerService.swift in Sources */,
				9B0B6CB72CD64F6100BB6A94 /* AppState.swift in Sources */,
				A080D8C42CD9666C00920564 /* ChatNotificationSettings+.swift in Sources */,
				9B0BD4A52CD688F000ADE7C9 /* PasswordView.swift in Sources */,
				A0CDF94D2CE7D6060015E20E /* AlertView.swift in Sources */,
				9BA9A4F42CE79DB0005C717C /* Stack.swift in Sources */,
				A080D8A22CD64B1700920564 /* ChatDetailPage.swift in Sources */,
				A080D8A32CD64B1700920564 /* LoginViewModel.swift in Sources */,
				A080D8A42CD64B1700920564 /* ChatDetailViewModel.swift in Sources */,
				A080D8DE2CDC051300920564 /* LocationView.swift in Sources */,
				A080D8DA2CDAADEC00920564 /* ReplyView.swift in Sources */,
				9B470C392D81BD8D008A03D3 /* InputMessageContent+.swift in Sources */,
				A080D8A52CD64B1700920564 /* ChatListPage.swift in Sources */,
				9B190E622D56B19E0045D311 /* InputCtaView.swift in Sources */,
				A080D8A62CD64B1700920564 /* HomePage.swift in Sources */,
				A080D8A72CD64B1700920564 /* SettingsViewModel.swift in Sources */,
				A080D8A82CD64B1700920564 /* SettingsPage.swift in Sources */,
				A080D8A92CD64B1700920564 /* LoginPage.swift in Sources */,
				A080D8AA2CD64B1700920564 /* ChatListViewModel.swift in Sources */,
				A080D8AB2CD64B1700920564 /* HomeViewModel.swift in Sources */,
				4AE620222C09C6CF00722512 /* FormattedText+.swift in Sources */,
				9B5E558E2D81657C0058964B /* StickersPickerViewModel.swift in Sources */,
				9BD9F9E42CDD044900833C48 /* AsyncView.swift in Sources */,
				A0DF848A2CCB9A7500CC101E /* FileManager+.swift in Sources */,
				A080D8F22CDE2AFB00920564 /* ChatDetailViewModel+Messages.swift in Sources */,
				A0CDF8BE2CE78FC70015E20E /* UserCellView.swift in Sources */,
				A05C1AC52BECCF4B00724B6E /* Message+.swift in Sources */,
				A080D8E02CDC08FF00920564 /* PillView.swift in Sources */,
				A080D8B82CD7843000920564 /* ChatCellView.swift in Sources */,
				4A4743F22BF796DF00264855 /* Color+.swift in Sources */,
				9BB3BCB62D14379400CAFB31 /* KeypadView.swift in Sources */,
				9B0418F02CE10DF700DFFA3F /* ChatDetailViewModel+MessageContents.swift in Sources */,
				9BB3BCB82D14379F00CAFB31 /* PhoneKeypadView.swift in Sources */,
				9B4451FA2C45C63D00A6EBC2 /* User+.swift in Sources */,
				A06AEA132D6B854E00EF8377 /* LoadableModifier.swift in Sources */,
				9BB3BCB42D14376700CAFB31 /* CodeKeypadView.swift in Sources */,
				A0CF53292BDFD79400BA394B /* TDLibManagerProtocols.swift in Sources */,
				A081AAD52C0721C2002A265C /* Chat+.swift in Sources */,
			);
			runOnlyForDeploymentPostprocessing = 0;
		};
/* End PBXSourcesBuildPhase section */

/* Begin PBXTargetDependency section */
		A07438EF2BD10D2D00945CB5 /* PBXTargetDependency */ = {
			isa = PBXTargetDependency;
			target = A07438EB2BD10D2D00945CB5 /* Mercury Watch App */;
			targetProxy = A07438EE2BD10D2D00945CB5 /* PBXContainerItemProxy */;
		};
/* End PBXTargetDependency section */

/* Begin XCBuildConfiguration section */
		A07438FA2BD10D2F00945CB5 /* Debug */ = {
			isa = XCBuildConfiguration;
			buildSettings = {
				ALWAYS_SEARCH_USER_PATHS = NO;
				ASSETCATALOG_COMPILER_GENERATE_SWIFT_ASSET_SYMBOL_EXTENSIONS = YES;
				CLANG_ANALYZER_NONNULL = YES;
				CLANG_ANALYZER_NUMBER_OBJECT_CONVERSION = YES_AGGRESSIVE;
				CLANG_CXX_LANGUAGE_STANDARD = "gnu++20";
				CLANG_ENABLE_MODULES = YES;
				CLANG_ENABLE_OBJC_ARC = YES;
				CLANG_ENABLE_OBJC_WEAK = YES;
				CLANG_WARN_BLOCK_CAPTURE_AUTORELEASING = YES;
				CLANG_WARN_BOOL_CONVERSION = YES;
				CLANG_WARN_COMMA = YES;
				CLANG_WARN_CONSTANT_CONVERSION = YES;
				CLANG_WARN_DEPRECATED_OBJC_IMPLEMENTATIONS = YES;
				CLANG_WARN_DIRECT_OBJC_ISA_USAGE = YES_ERROR;
				CLANG_WARN_DOCUMENTATION_COMMENTS = YES;
				CLANG_WARN_EMPTY_BODY = YES;
				CLANG_WARN_ENUM_CONVERSION = YES;
				CLANG_WARN_INFINITE_RECURSION = YES;
				CLANG_WARN_INT_CONVERSION = YES;
				CLANG_WARN_NON_LITERAL_NULL_CONVERSION = YES;
				CLANG_WARN_OBJC_IMPLICIT_RETAIN_SELF = YES;
				CLANG_WARN_OBJC_LITERAL_CONVERSION = YES;
				CLANG_WARN_OBJC_ROOT_CLASS = YES_ERROR;
				CLANG_WARN_QUOTED_INCLUDE_IN_FRAMEWORK_HEADER = YES;
				CLANG_WARN_RANGE_LOOP_ANALYSIS = YES;
				CLANG_WARN_STRICT_PROTOTYPES = YES;
				CLANG_WARN_SUSPICIOUS_MOVE = YES;
				CLANG_WARN_UNGUARDED_AVAILABILITY = YES_AGGRESSIVE;
				CLANG_WARN_UNREACHABLE_CODE = YES;
				CLANG_WARN__DUPLICATE_METHOD_MATCH = YES;
				COPY_PHASE_STRIP = NO;
				DEBUG_INFORMATION_FORMAT = dwarf;
				ENABLE_STRICT_OBJC_MSGSEND = YES;
				ENABLE_TESTABILITY = YES;
				ENABLE_USER_SCRIPT_SANDBOXING = YES;
				GCC_C_LANGUAGE_STANDARD = gnu17;
				GCC_DYNAMIC_NO_PIC = NO;
				GCC_NO_COMMON_BLOCKS = YES;
				GCC_OPTIMIZATION_LEVEL = 0;
				GCC_PREPROCESSOR_DEFINITIONS = (
					"DEBUG=1",
					"$(inherited)",
				);
				GCC_WARN_64_TO_32_BIT_CONVERSION = YES;
				GCC_WARN_ABOUT_RETURN_TYPE = YES_ERROR;
				GCC_WARN_UNDECLARED_SELECTOR = YES;
				GCC_WARN_UNINITIALIZED_AUTOS = YES_AGGRESSIVE;
				GCC_WARN_UNUSED_FUNCTION = YES;
				GCC_WARN_UNUSED_VARIABLE = YES;
				IPHONEOS_DEPLOYMENT_TARGET = 17.0;
				LOCALIZATION_PREFERS_STRING_CATALOGS = YES;
				MTL_ENABLE_DEBUG_INFO = INCLUDE_SOURCE;
				MTL_FAST_MATH = YES;
				ONLY_ACTIVE_ARCH = YES;
				SWIFT_ACTIVE_COMPILATION_CONDITIONS = "DEBUG $(inherited)";
				SWIFT_OPTIMIZATION_LEVEL = "-Onone";
				WATCHOS_DEPLOYMENT_TARGET = 10.1;
			};
			name = Debug;
		};
		A07438FB2BD10D2F00945CB5 /* Release */ = {
			isa = XCBuildConfiguration;
			buildSettings = {
				ALWAYS_SEARCH_USER_PATHS = NO;
				ASSETCATALOG_COMPILER_GENERATE_SWIFT_ASSET_SYMBOL_EXTENSIONS = YES;
				CLANG_ANALYZER_NONNULL = YES;
				CLANG_ANALYZER_NUMBER_OBJECT_CONVERSION = YES_AGGRESSIVE;
				CLANG_CXX_LANGUAGE_STANDARD = "gnu++20";
				CLANG_ENABLE_MODULES = YES;
				CLANG_ENABLE_OBJC_ARC = YES;
				CLANG_ENABLE_OBJC_WEAK = YES;
				CLANG_WARN_BLOCK_CAPTURE_AUTORELEASING = YES;
				CLANG_WARN_BOOL_CONVERSION = YES;
				CLANG_WARN_COMMA = YES;
				CLANG_WARN_CONSTANT_CONVERSION = YES;
				CLANG_WARN_DEPRECATED_OBJC_IMPLEMENTATIONS = YES;
				CLANG_WARN_DIRECT_OBJC_ISA_USAGE = YES_ERROR;
				CLANG_WARN_DOCUMENTATION_COMMENTS = YES;
				CLANG_WARN_EMPTY_BODY = YES;
				CLANG_WARN_ENUM_CONVERSION = YES;
				CLANG_WARN_INFINITE_RECURSION = YES;
				CLANG_WARN_INT_CONVERSION = YES;
				CLANG_WARN_NON_LITERAL_NULL_CONVERSION = YES;
				CLANG_WARN_OBJC_IMPLICIT_RETAIN_SELF = YES;
				CLANG_WARN_OBJC_LITERAL_CONVERSION = YES;
				CLANG_WARN_OBJC_ROOT_CLASS = YES_ERROR;
				CLANG_WARN_QUOTED_INCLUDE_IN_FRAMEWORK_HEADER = YES;
				CLANG_WARN_RANGE_LOOP_ANALYSIS = YES;
				CLANG_WARN_STRICT_PROTOTYPES = YES;
				CLANG_WARN_SUSPICIOUS_MOVE = YES;
				CLANG_WARN_UNGUARDED_AVAILABILITY = YES_AGGRESSIVE;
				CLANG_WARN_UNREACHABLE_CODE = YES;
				CLANG_WARN__DUPLICATE_METHOD_MATCH = YES;
				COPY_PHASE_STRIP = NO;
				DEBUG_INFORMATION_FORMAT = "dwarf-with-dsym";
				ENABLE_NS_ASSERTIONS = NO;
				ENABLE_STRICT_OBJC_MSGSEND = YES;
				ENABLE_USER_SCRIPT_SANDBOXING = YES;
				GCC_C_LANGUAGE_STANDARD = gnu17;
				GCC_NO_COMMON_BLOCKS = YES;
				GCC_WARN_64_TO_32_BIT_CONVERSION = YES;
				GCC_WARN_ABOUT_RETURN_TYPE = YES_ERROR;
				GCC_WARN_UNDECLARED_SELECTOR = YES;
				GCC_WARN_UNINITIALIZED_AUTOS = YES_AGGRESSIVE;
				GCC_WARN_UNUSED_FUNCTION = YES;
				GCC_WARN_UNUSED_VARIABLE = YES;
				IPHONEOS_DEPLOYMENT_TARGET = 17.0;
				LOCALIZATION_PREFERS_STRING_CATALOGS = YES;
				MTL_ENABLE_DEBUG_INFO = NO;
				MTL_FAST_MATH = YES;
				SWIFT_COMPILATION_MODE = wholemodule;
				WATCHOS_DEPLOYMENT_TARGET = 10.1;
			};
			name = Release;
		};
		A07438FD2BD10D2F00945CB5 /* Debug */ = {
			isa = XCBuildConfiguration;
			buildSettings = {
				ASSETCATALOG_COMPILER_APPICON_NAME = AppIcon;
				ASSETCATALOG_COMPILER_GLOBAL_ACCENT_COLOR_NAME = AccentColor;
				CODE_SIGN_STYLE = Automatic;
				CURRENT_PROJECT_VERSION = 11;
				DEVELOPMENT_ASSET_PATHS = "\"Mercury Watch App/Preview Content\"";
				DEVELOPMENT_TEAM = 6MWN6EWBL2;
				ENABLE_PREVIEWS = YES;
				GENERATE_INFOPLIST_FILE = YES;
				INFOPLIST_FILE = "Mercury-Watch-App-Info.plist";
				INFOPLIST_KEY_CFBundleDisplayName = Mercury;
				INFOPLIST_KEY_NSMicrophoneUsageDescription = "Audio messages";
				INFOPLIST_KEY_UISupportedInterfaceOrientations = "UIInterfaceOrientationPortrait UIInterfaceOrientationPortraitUpsideDown";
				INFOPLIST_KEY_WKWatchOnly = YES;
				LD_RUNPATH_SEARCH_PATHS = (
					"$(inherited)",
					"@executable_path/Frameworks",
				);
				MARKETING_VERSION = 0.1.0;
				PRODUCT_BUNDLE_IDENTIFIER = com.alessandroalberti.mercury.watchkitapp;
				PRODUCT_NAME = "$(TARGET_NAME)";
				SDKROOT = watchos;
				SKIP_INSTALL = YES;
				SWIFT_EMIT_LOC_STRINGS = YES;
				SWIFT_VERSION = 5.0;
				TARGETED_DEVICE_FAMILY = 4;
				WATCHOS_DEPLOYMENT_TARGET = 10.1;
			};
			name = Debug;
		};
		A07438FE2BD10D2F00945CB5 /* Release */ = {
			isa = XCBuildConfiguration;
			buildSettings = {
				ASSETCATALOG_COMPILER_APPICON_NAME = AppIcon;
				ASSETCATALOG_COMPILER_GLOBAL_ACCENT_COLOR_NAME = AccentColor;
				CODE_SIGN_STYLE = Automatic;
				CURRENT_PROJECT_VERSION = 11;
				DEVELOPMENT_ASSET_PATHS = "\"Mercury Watch App/Preview Content\"";
				DEVELOPMENT_TEAM = 6MWN6EWBL2;
				ENABLE_PREVIEWS = YES;
				GENERATE_INFOPLIST_FILE = YES;
				INFOPLIST_FILE = "Mercury-Watch-App-Info.plist";
				INFOPLIST_KEY_CFBundleDisplayName = Mercury;
				INFOPLIST_KEY_NSMicrophoneUsageDescription = "Audio messages";
				INFOPLIST_KEY_UISupportedInterfaceOrientations = "UIInterfaceOrientationPortrait UIInterfaceOrientationPortraitUpsideDown";
				INFOPLIST_KEY_WKWatchOnly = YES;
				LD_RUNPATH_SEARCH_PATHS = (
					"$(inherited)",
					"@executable_path/Frameworks",
				);
				MARKETING_VERSION = 0.1.0;
				PRODUCT_BUNDLE_IDENTIFIER = com.alessandroalberti.mercury.watchkitapp;
				PRODUCT_NAME = "$(TARGET_NAME)";
				SDKROOT = watchos;
				SKIP_INSTALL = YES;
				SWIFT_EMIT_LOC_STRINGS = YES;
				SWIFT_VERSION = 5.0;
				TARGETED_DEVICE_FAMILY = 4;
				VALIDATE_PRODUCT = YES;
				WATCHOS_DEPLOYMENT_TARGET = 10.1;
			};
			name = Release;
		};
		A07439012BD10D2F00945CB5 /* Debug */ = {
			isa = XCBuildConfiguration;
			buildSettings = {
				ALWAYS_EMBED_SWIFT_STANDARD_LIBRARIES = YES;
				CODE_SIGN_STYLE = Automatic;
				CURRENT_PROJECT_VERSION = 11;
				DEVELOPMENT_TEAM = 6MWN6EWBL2;
				INFOPLIST_KEY_CFBundleDisplayName = Mercury;
				IPHONEOS_DEPLOYMENT_TARGET = 15.6;
				MARKETING_VERSION = 0.1.0;
				PRODUCT_BUNDLE_IDENTIFIER = com.alessandroalberti.mercury;
				PRODUCT_NAME = "$(TARGET_NAME)";
				SDKROOT = iphoneos;
				SWIFT_VERSION = 5.0;
			};
			name = Debug;
		};
		A07439022BD10D2F00945CB5 /* Release */ = {
			isa = XCBuildConfiguration;
			buildSettings = {
				ALWAYS_EMBED_SWIFT_STANDARD_LIBRARIES = YES;
				CODE_SIGN_STYLE = Automatic;
				CURRENT_PROJECT_VERSION = 11;
				DEVELOPMENT_TEAM = 6MWN6EWBL2;
				INFOPLIST_KEY_CFBundleDisplayName = Mercury;
				IPHONEOS_DEPLOYMENT_TARGET = 15.6;
				MARKETING_VERSION = 0.1.0;
				PRODUCT_BUNDLE_IDENTIFIER = com.alessandroalberti.mercury;
				PRODUCT_NAME = "$(TARGET_NAME)";
				SDKROOT = iphoneos;
				SWIFT_VERSION = 5.0;
				VALIDATE_PRODUCT = YES;
			};
			name = Release;
		};
/* End XCBuildConfiguration section */

/* Begin XCConfigurationList section */
		A07438E32BD10D2D00945CB5 /* Build configuration list for PBXProject "Mercury" */ = {
			isa = XCConfigurationList;
			buildConfigurations = (
				A07438FA2BD10D2F00945CB5 /* Debug */,
				A07438FB2BD10D2F00945CB5 /* Release */,
			);
			defaultConfigurationIsVisible = 0;
			defaultConfigurationName = Release;
		};
		A07438FC2BD10D2F00945CB5 /* Build configuration list for PBXNativeTarget "Mercury Watch App" */ = {
			isa = XCConfigurationList;
			buildConfigurations = (
				A07438FD2BD10D2F00945CB5 /* Debug */,
				A07438FE2BD10D2F00945CB5 /* Release */,
			);
			defaultConfigurationIsVisible = 0;
			defaultConfigurationName = Release;
		};
		A07439002BD10D2F00945CB5 /* Build configuration list for PBXNativeTarget "Mercury" */ = {
			isa = XCConfigurationList;
			buildConfigurations = (
				A07439012BD10D2F00945CB5 /* Debug */,
				A07439022BD10D2F00945CB5 /* Release */,
			);
			defaultConfigurationIsVisible = 0;
			defaultConfigurationName = Release;
		};
/* End XCConfigurationList section */

/* Begin XCRemoteSwiftPackageReference section */
		9BAA75DB2CD4EE370007B4E2 /* XCRemoteSwiftPackageReference "SDWebImageLottieCoder" */ = {
			isa = XCRemoteSwiftPackageReference;
			repositoryURL = "https://github.com/SDWebImage/SDWebImageLottieCoder?tab=readme-ov-file";
			requirement = {
				kind = upToNextMajorVersion;
				minimumVersion = 0.2.0;
			};
		};
		9BAA75E22CD4F1620007B4E2 /* XCRemoteSwiftPackageReference "GzipSwift" */ = {
			isa = XCRemoteSwiftPackageReference;
			repositoryURL = "https://github.com/1024jp/GzipSwift";
			requirement = {
				kind = upToNextMajorVersion;
				minimumVersion = 6.1.0;
			};
		};
		A0054EA42BF3E12F009F2CEB /* XCRemoteSwiftPackageReference "TDLibKit" */ = {
			isa = XCRemoteSwiftPackageReference;
			repositoryURL = "https://github.com/Swiftgram/TDLibKit";
			requirement = {
				kind = revision;
				revision = 9aa7ba777c6c21fd4bf0710c47c2f6f3beb9c8c9;
			};
		};
		A06AE8582CCAB6EE003282B2 /* XCRemoteSwiftPackageReference "DSWaveformImage" */ = {
			isa = XCRemoteSwiftPackageReference;
			repositoryURL = "https://github.com/mercurytelegram/DSWaveformImage";
			requirement = {
				branch = main;
				kind = branch;
			};
		};
		A06AE85D2CCAB812003282B2 /* XCRemoteSwiftPackageReference "SDWebImageWebPCoder" */ = {
			isa = XCRemoteSwiftPackageReference;
			repositoryURL = "https://github.com/SDWebImage/SDWebImageWebPCoder";
			requirement = {
				kind = upToNextMajorVersion;
				minimumVersion = 0.14.6;
			};
		};
		A0951E962C95CDFD00CF638C /* XCRemoteSwiftPackageReference "QRCode" */ = {
			isa = XCRemoteSwiftPackageReference;
			repositoryURL = "https://github.com/dagronf/QRCode?tab=readme-ov-file";
			requirement = {
				kind = upToNextMajorVersion;
				minimumVersion = 21.0.3;
			};
		};
		A09F310D2CC0487700F6ACC8 /* XCRemoteSwiftPackageReference "swift-ogg" */ = {
			isa = XCRemoteSwiftPackageReference;
			repositoryURL = "https://github.com/mercurytelegram/swift-ogg";
			requirement = {
				branch = main;
				kind = branch;
			};
		};
/* End XCRemoteSwiftPackageReference section */

/* Begin XCSwiftPackageProductDependency section */
		9BAA75DC2CD4EE370007B4E2 /* SDWebImageLottieCoder */ = {
			isa = XCSwiftPackageProductDependency;
			package = 9BAA75DB2CD4EE370007B4E2 /* XCRemoteSwiftPackageReference "SDWebImageLottieCoder" */;
			productName = SDWebImageLottieCoder;
		};
		9BAA75E32CD4F1620007B4E2 /* Gzip */ = {
			isa = XCSwiftPackageProductDependency;
			package = 9BAA75E22CD4F1620007B4E2 /* XCRemoteSwiftPackageReference "GzipSwift" */;
			productName = Gzip;
		};
		A0054EA52BF3E12F009F2CEB /* TDLibKit */ = {
			isa = XCSwiftPackageProductDependency;
			package = A0054EA42BF3E12F009F2CEB /* XCRemoteSwiftPackageReference "TDLibKit" */;
			productName = TDLibKit;
		};
		A0524FAD2CC8EC4E0021D3FA /* DSWaveformImage */ = {
			isa = XCSwiftPackageProductDependency;
			productName = DSWaveformImage;
		};
		A0524FAF2CC8EC4E0021D3FA /* DSWaveformImageViews */ = {
			isa = XCSwiftPackageProductDependency;
			productName = DSWaveformImageViews;
		};
		A06AE8592CCAB6EE003282B2 /* DSWaveformImage */ = {
			isa = XCSwiftPackageProductDependency;
			package = A06AE8582CCAB6EE003282B2 /* XCRemoteSwiftPackageReference "DSWaveformImage" */;
			productName = DSWaveformImage;
		};
		A06AE85B2CCAB6EE003282B2 /* DSWaveformImageViews */ = {
			isa = XCSwiftPackageProductDependency;
			package = A06AE8582CCAB6EE003282B2 /* XCRemoteSwiftPackageReference "DSWaveformImage" */;
			productName = DSWaveformImageViews;
		};
		A06AE85E2CCAB812003282B2 /* SDWebImageWebPCoder */ = {
			isa = XCSwiftPackageProductDependency;
			package = A06AE85D2CCAB812003282B2 /* XCRemoteSwiftPackageReference "SDWebImageWebPCoder" */;
			productName = SDWebImageWebPCoder;
		};
		A07D48DE2CC93D9900DC34EF /* DSWaveformImage */ = {
			isa = XCSwiftPackageProductDependency;
			productName = DSWaveformImage;
		};
		A07D48E02CC93D9900DC34EF /* DSWaveformImageViews */ = {
			isa = XCSwiftPackageProductDependency;
			productName = DSWaveformImageViews;
		};
		A0951E972C95CDFE00CF638C /* QRCode */ = {
			isa = XCSwiftPackageProductDependency;
			package = A0951E962C95CDFD00CF638C /* XCRemoteSwiftPackageReference "QRCode" */;
			productName = QRCode;
		};
		A09F310E2CC0487700F6ACC8 /* SwiftOGG */ = {
			isa = XCSwiftPackageProductDependency;
			package = A09F310D2CC0487700F6ACC8 /* XCRemoteSwiftPackageReference "swift-ogg" */;
			productName = SwiftOGG;
		};
/* End XCSwiftPackageProductDependency section */
	};
	rootObject = A07438E02BD10D2D00945CB5 /* Project object */;
}
